
Microsoft Visual Studio Solution File, Format Version 12.00
# Visual Studio 15
VisualStudioVersion = 15.0.28307.1622
MinimumVisualStudioVersion = 10.0.40219.1
Project("{FAE04EC0-301F-11D3-BF4B-00C04F79EFBC}") = "MultiRDP", "MultiRDP.csproj", "{57995583-31E6-4C74-819A-97393C0F05B3}"
EndProject
Global
	GlobalSection(SolutionConfigurationPlatforms) = preSolution
		Debug|Any CPU = Debug|Any CPU
		Release|Any CPU = Release|Any CPU
	EndGlobalSection
	GlobalSection(ProjectConfigurationPlatforms) = postSolution
		{57995583-31E6-4C74-819A-97393C0F05B3}.Debug|Any CPU.ActiveCfg = Debug|Any CPU
		{57995583-31E6-4C74-819A-97393C0F05B3}.Debug|Any CPU.Build.0 = Debug|Any CPU
		{57995583-31E6-4C74-819A-97393C0F05B3}.Release|Any CPU.ActiveCfg = Release|Any CPU
		{57995583-31E6-4C74-819A-97393C0F05B3}.Release|Any CPU.Build.0 = Release|Any CPU
	EndGlobalSection
	GlobalSection(SolutionProperties) = preSolution
		HideSolutionNode = FALSE
	EndGlobalSection
	GlobalSection(ExtensibilityGlobals) = postSolution
		SolutionGuid = {F549A0D0-1693-4A32-B42B-35191C0D53F1}
	EndGlobalSection
EndGlobal
